{
    "_meta": {
        "hash": {
            "sha256": "cdad8aa426ab092493c9478f03c4594952a98a9fc6c54b3dcd1fbc858586f3d8"
        },
        "pipfile-spec": 6,
        "requires": {
            "python_version": "3.11"
        },
        "sources": [
            {
                "name": "pypi",
                "url": "https://pypi.org/simple",
                "verify_ssl": true
            }
        ]
    },
    "default": {
        "nodejs": {
            "hashes": [
                "sha256:4c585fecc51a91b151bbc6dd01c0fb8d93f29f897a8298009205b59b80b52933"
            ],
            "index": "pypi",
            "version": "==0.1.1"
        },
        "optional-django": {
            "hashes": [
                "sha256:77d6b9fb74bda30583e1af4683a39e0af725cea6003252bba75838f4939326c5"
            ],
            "version": "==0.1.0"
        }
    },
    "develop": {}
}
